
Microsoft Visual Studio Solution File, Format Version 12.00
# Visual Studio Version 17
VisualStudioVersion = 17.14.36717.8 d17.14
MinimumVisualStudioVersion = 10.0.40219.1
Project("{8BC9CEB8-8B4A-11D0-8D11-00A0C91BC942}") = "S02", "S02.vcxproj", "{5C39D77E-6925-4C92-9624-A6E7DB574A5C}"
EndProject
Global
	GlobalSection(SolutionConfigurationPlatforms) = preSolution
		Debug|x64 = Debug|x64
		Debug|x86 = Debug|x86
		Release|x64 = Release|x64
		Release|x86 = Release|x86
	EndGlobalSection
	GlobalSection(ProjectConfigurationPlatforms) = postSolution
		{5C39D77E-6925-4C92-9624-A6E7DB574A5C}.Debug|x64.ActiveCfg = Debug|x64
		{5C39D77E-6925-4C92-9624-A6E7DB574A5C}.Debug|x64.Build.0 = Debug|x64
		{5C39D77E-6925-4C92-9624-A6E7DB574A5C}.Debug|x86.ActiveCfg = Debug|Win32
		{5C39D77E-6925-4C92-9624-A6E7DB574A5C}.Debug|x86.Build.0 = Debug|Win32
		{5C39D77E-6925-4C92-9624-A6E7DB574A5C}.Release|x64.ActiveCfg = Release|x64
		{5C39D77E-6925-4C92-9624-A6E7DB574A5C}.Release|x64.Build.0 = Release|x64
		{5C39D77E-6925-4C92-9624-A6E7DB574A5C}.Release|x86.ActiveCfg = Release|Win32
		{5C39D77E-6925-4C92-9624-A6E7DB574A5C}.Release|x86.Build.0 = Release|Win32
	EndGlobalSection
	GlobalSection(SolutionProperties) = preSolution
		HideSolutionNode = FALSE
	EndGlobalSection
	GlobalSection(ExtensibilityGlobals) = postSolution
		SolutionGuid = {DB9DEF38-624C-4861-A664-64E1BDB8D1AF}
	EndGlobalSection
EndGlobal
